
Microsoft Visual Studio Solution File, Format Version 12.00
# Visual Studio Version 17
VisualStudioVersion = 17.2.32505.173
MinimumVisualStudioVersion = 10.0.40219.1
Project("{FAE04EC0-301F-11D3-BF4B-00C04F79EFBC}") = "Discounted_Inventory", "Discounted_Inventory\Discounted_Inventory.csproj", "{0B01960F-5A97-4796-A87B-1051733CF88E}"
EndProject
Global
	GlobalSection(SolutionConfigurationPlatforms) = preSolution
		Debug|Any CPU = Debug|Any CPU
		Release|Any CPU = Release|Any CPU
	EndGlobalSection
	GlobalSection(ProjectConfigurationPlatforms) = postSolution
		{0B01960F-5A97-4796-A87B-1051733CF88E}.Debug|Any CPU.ActiveCfg = Debug|Any CPU
		{0B01960F-5A97-4796-A87B-1051733CF88E}.Debug|Any CPU.Build.0 = Debug|Any CPU
		{0B01960F-5A97-4796-A87B-1051733CF88E}.Release|Any CPU.ActiveCfg = Release|Any CPU
		{0B01960F-5A97-4796-A87B-1051733CF88E}.Release|Any CPU.Build.0 = Release|Any CPU
	EndGlobalSection
	GlobalSection(SolutionProperties) = preSolution
		HideSolutionNode = FALSE
	EndGlobalSection
	GlobalSection(ExtensibilityGlobals) = postSolution
		SolutionGuid = {8EF854E8-0221-4305-95D7-5BB534B65104}
	EndGlobalSection
EndGlobal
